// !$*UTF8*$!
{
	archiveVersion = 1;
	classes = {
	};
	objectVersion = 46;
	objects = {

/* Begin PBXBuildFile section */
		2A8502F8192267A400D2A4E4 /* GLKit.framework in Frameworks */ = {isa = PBXBuildFile; fileRef = 2A8502F7192267A400D2A4E4 /* GLKit.framework */; };
		2A8503041922790D00D2A4E4 /* GStreamerBackend.m in Sources */ = {isa = PBXBuildFile; fileRef = 2A8503031922790D00D2A4E4 /* GStreamerBackend.m */; };
		2AAB36A11922105800C762A7 /* Foundation.framework in Frameworks */ = {isa = PBXBuildFile; fileRef = 2AAB36A01922105800C762A7 /* Foundation.framework */; };
		2AAB36A31922105800C762A7 /* CoreGraphics.framework in Frameworks */ = {isa = PBXBuildFile; fileRef = 2AAB36A21922105800C762A7 /* CoreGraphics.framework */; };
		2AAB36A51922105800C762A7 /* UIKit.framework in Frameworks */ = {isa = PBXBuildFile; fileRef = 2AAB36A41922105800C762A7 /* UIKit.framework */; };
		2AAB36A71922105800C762A7 /* CoreData.framework in Frameworks */ = {isa = PBXBuildFile; fileRef = 2AAB36A61922105800C762A7 /* CoreData.framework */; };
		2AAB36A91922105800C762A7 /* GStreamer.framework in Frameworks */ = {isa = PBXBuildFile; fileRef = 2AAB36A81922105800C762A7 /* GStreamer.framework */; };
		2AAB36AF1922105800C762A7 /* InfoPlist.strings in Resources */ = {isa = PBXBuildFile; fileRef = 2AAB36AD1922105800C762A7 /* InfoPlist.strings */; };
		2AAB36B11922105800C762A7 /* main.m in Sources */ = {isa = PBXBuildFile; fileRef = 2AAB36B01922105800C762A7 /* main.m */; };
		2AAB36B51922105800C762A7 /* AppDelegate.m in Sources */ = {isa = PBXBuildFile; fileRef = 2AAB36B41922105800C762A7 /* AppDelegate.m */; };
		2AAB36B81922105800C762A7 /* Main.storyboard in Resources */ = {isa = PBXBuildFile; fileRef = 2AAB36B61922105800C762A7 /* Main.storyboard */; };
		2AAB36BB1922105800C762A7 /* LiveStreamer.xcdatamodeld in Sources */ = {isa = PBXBuildFile; fileRef = 2AAB36B91922105800C762A7 /* LiveStreamer.xcdatamodeld */; };
		2AAB36BE1922105800C762A7 /* MasterViewController.m in Sources */ = {isa = PBXBuildFile; fileRef = 2AAB36BD1922105800C762A7 /* MasterViewController.m */; };
		2AAB36C11922105800C762A7 /* DetailViewController.m in Sources */ = {isa = PBXBuildFile; fileRef = 2AAB36C01922105800C762A7 /* DetailViewController.m */; };
		2AAB36C31922105800C762A7 /* fonts.conf in Resources */ = {isa = PBXBuildFile; fileRef = 2AAB36C21922105800C762A7 /* fonts.conf */; };
		2AAB36C51922105800C762A7 /* Ubuntu-R.ttf in Resources */ = {isa = PBXBuildFile; fileRef = 2AAB36C41922105800C762A7 /* Ubuntu-R.ttf */; };
		2AAB36C71922105800C762A7 /* gst_ios_init.m in Sources */ = {isa = PBXBuildFile; fileRef = 2AAB36C61922105800C762A7 /* gst_ios_init.m */; };
		2AAB36CA1922105800C762A7 /* Images.xcassets in Resources */ = {isa = PBXBuildFile; fileRef = 2AAB36C91922105800C762A7 /* Images.xcassets */; };
		2AAB36D11922105800C762A7 /* XCTest.framework in Frameworks */ = {isa = PBXBuildFile; fileRef = 2AAB36D01922105800C762A7 /* XCTest.framework */; };
		2AAB36D21922105800C762A7 /* Foundation.framework in Frameworks */ = {isa = PBXBuildFile; fileRef = 2AAB36A01922105800C762A7 /* Foundation.framework */; };
		2AAB36D31922105800C762A7 /* UIKit.framework in Frameworks */ = {isa = PBXBuildFile; fileRef = 2AAB36A41922105800C762A7 /* UIKit.framework */; };
		2AAB36D41922105800C762A7 /* CoreData.framework in Frameworks */ = {isa = PBXBuildFile; fileRef = 2AAB36A61922105800C762A7 /* CoreData.framework */; };
		2AAB36DC1922105800C762A7 /* InfoPlist.strings in Resources */ = {isa = PBXBuildFile; fileRef = 2AAB36DA1922105800C762A7 /* InfoPlist.strings */; };
		2AAB36DE1922105800C762A7 /* LiveStreamerTests.m in Sources */ = {isa = PBXBuildFile; fileRef = 2AAB36DD1922105800C762A7 /* LiveStreamerTests.m */; };
		2AAB36E8192210BC00C762A7 /* libiconv.dylib in Frameworks */ = {isa = PBXBuildFile; fileRef = 2AAB36E7192210BC00C762A7 /* libiconv.dylib */; };
		2AAB36ED1922117D00C762A7 /* EaglUIView.m in Sources */ = {isa = PBXBuildFile; fileRef = 2AAB36EA1922117D00C762A7 /* EaglUIView.m */; };
		2AAB36F1192211EA00C762A7 /* ELEditViewController.m in Sources */ = {isa = PBXBuildFile; fileRef = 2AAB36F0192211EA00C762A7 /* ELEditViewController.m */; };
/* End PBXBuildFile section */

/* Begin PBXContainerItemProxy section */
		2AAB36D51922105800C762A7 /* PBXContainerItemProxy */ = {
			isa = PBXContainerItemProxy;
			containerPortal = 2AAB36951922105800C762A7 /* Project object */;
			proxyType = 1;
			remoteGlobalIDString = 2AAB369C1922105800C762A7;
			remoteInfo = LiveStreamer;
		};
/* End PBXContainerItemProxy section */

/* Begin PBXFileReference section */
		2A8502F7192267A400D2A4E4 /* GLKit.framework */ = {isa = PBXFileReference; lastKnownFileType = wrapper.framework; name = GLKit.framework; path = System/Library/Frameworks/GLKit.framework; sourceTree = SDKROOT; };
		2A8503021922790D00D2A4E4 /* GStreamerBackend.h */ = {isa = PBXFileReference; fileEncoding = 4; lastKnownFileType = sourcecode.c.h; name = GStreamerBackend.h; path = "../../Downloads/gstreamer_ios_tutorial-master/deinonychus/GStreamerBackend.h"; sourceTree = "<group>"; };
		2A8503031922790D00D2A4E4 /* GStreamerBackend.m */ = {isa = PBXFileReference; fileEncoding = 4; lastKnownFileType = sourcecode.c.objc; name = GStreamerBackend.m; path = "../../Downloads/gstreamer_ios_tutorial-master/deinonychus/GStreamerBackend.m"; sourceTree = "<group>"; };
		2AAB369D1922105800C762A7 /* LiveStreamer.app */ = {isa = PBXFileReference; explicitFileType = wrapper.application; includeInIndex = 0; path = LiveStreamer.app; sourceTree = BUILT_PRODUCTS_DIR; };
		2AAB36A01922105800C762A7 /* Foundation.framework */ = {isa = PBXFileReference; lastKnownFileType = wrapper.framework; name = Foundation.framework; path = System/Library/Frameworks/Foundation.framework; sourceTree = SDKROOT; };
		2AAB36A21922105800C762A7 /* CoreGraphics.framework */ = {isa = PBXFileReference; lastKnownFileType = wrapper.framework; name = CoreGraphics.framework; path = System/Library/Frameworks/CoreGraphics.framework; sourceTree = SDKROOT; };
		2AAB36A41922105800C762A7 /* UIKit.framework */ = {isa = PBXFileReference; lastKnownFileType = wrapper.framework; name = UIKit.framework; path = System/Library/Frameworks/UIKit.framework; sourceTree = SDKROOT; };
		2AAB36A61922105800C762A7 /* CoreData.framework */ = {isa = PBXFileReference; lastKnownFileType = wrapper.framework; name = CoreData.framework; path = System/Library/Frameworks/CoreData.framework; sourceTree = SDKROOT; };
		2AAB36A81922105800C762A7 /* GStreamer.framework */ = {isa = PBXFileReference; lastKnownFileType = wrapper.framework; name = GStreamer.framework; path = Library/Frameworks/GStreamer.framework; sourceTree = DEVELOPER_DIR; };
		2AAB36AC1922105800C762A7 /* LiveStreamer-Info.plist */ = {isa = PBXFileReference; lastKnownFileType = text.plist.xml; path = "LiveStreamer-Info.plist"; sourceTree = "<group>"; };
		2AAB36AE1922105800C762A7 /* en */ = {isa = PBXFileReference; lastKnownFileType = text.plist.strings; name = en; path = en.lproj/InfoPlist.strings; sourceTree = "<group>"; };
		2AAB36B01922105800C762A7 /* main.m */ = {isa = PBXFileReference; lastKnownFileType = sourcecode.c.objc; path = main.m; sourceTree = "<group>"; };
		2AAB36B21922105800C762A7 /* LiveStreamer-Prefix.pch */ = {isa = PBXFileReference; lastKnownFileType = sourcecode.c.h; path = "LiveStreamer-Prefix.pch"; sourceTree = "<group>"; };
		2AAB36B31922105800C762A7 /* AppDelegate.h */ = {isa = PBXFileReference; lastKnownFileType = sourcecode.c.h; path = AppDelegate.h; sourceTree = "<group>"; };
		2AAB36B41922105800C762A7 /* AppDelegate.m */ = {isa = PBXFileReference; lastKnownFileType = sourcecode.c.objc; path = AppDelegate.m; sourceTree = "<group>"; };
		2AAB36B71922105800C762A7 /* Base */ = {isa = PBXFileReference; lastKnownFileType = file.storyboard; name = Base; path = Base.lproj/Main.storyboard; sourceTree = "<group>"; };
		2AAB36BA1922105800C762A7 /* LiveStreamer.xcdatamodel */ = {isa = PBXFileReference; lastKnownFileType = wrapper.xcdatamodel; path = LiveStreamer.xcdatamodel; sourceTree = "<group>"; };
		2AAB36BC1922105800C762A7 /* MasterViewController.h */ = {isa = PBXFileReference; lastKnownFileType = sourcecode.c.h; path = MasterViewController.h; sourceTree = "<group>"; };
		2AAB36BD1922105800C762A7 /* MasterViewController.m */ = {isa = PBXFileReference; lastKnownFileType = sourcecode.c.objc; path = MasterViewController.m; sourceTree = "<group>"; };
		2AAB36BF1922105800C762A7 /* DetailViewController.h */ = {isa = PBXFileReference; lastKnownFileType = sourcecode.c.h; path = DetailViewController.h; sourceTree = "<group>"; };
		2AAB36C01922105800C762A7 /* DetailViewController.m */ = {isa = PBXFileReference; lastKnownFileType = sourcecode.c.objc; path = DetailViewController.m; sourceTree = "<group>"; };
		2AAB36C21922105800C762A7 /* fonts.conf */ = {isa = PBXFileReference; lastKnownFileType = text.xml; path = fonts.conf; sourceTree = "<group>"; };
		2AAB36C41922105800C762A7 /* Ubuntu-R.ttf */ = {isa = PBXFileReference; lastKnownFileType = file; path = "Ubuntu-R.ttf"; sourceTree = "<group>"; };
		2AAB36C61922105800C762A7 /* gst_ios_init.m */ = {isa = PBXFileReference; lastKnownFileType = sourcecode.c.objc; path = gst_ios_init.m; sourceTree = "<group>"; };
		2AAB36C81922105800C762A7 /* gst_ios_init.h */ = {isa = PBXFileReference; lastKnownFileType = sourcecode.c.h; path = gst_ios_init.h; sourceTree = "<group>"; };
		2AAB36C91922105800C762A7 /* Images.xcassets */ = {isa = PBXFileReference; lastKnownFileType = folder.assetcatalog; path = Images.xcassets; sourceTree = "<group>"; };
		2AAB36CF1922105800C762A7 /* LiveStreamerTests.xctest */ = {isa = PBXFileReference; explicitFileType = wrapper.cfbundle; includeInIndex = 0; path = LiveStreamerTests.xctest; sourceTree = BUILT_PRODUCTS_DIR; };
		2AAB36D01922105800C762A7 /* XCTest.framework */ = {isa = PBXFileReference; lastKnownFileType = wrapper.framework; name = XCTest.framework; path = Library/Frameworks/XCTest.framework; sourceTree = DEVELOPER_DIR; };
		2AAB36D91922105800C762A7 /* LiveStreamerTests-Info.plist */ = {isa = PBXFileReference; lastKnownFileType = text.plist.xml; path = "LiveStreamerTests-Info.plist"; sourceTree = "<group>"; };
		2AAB36DB1922105800C762A7 /* en */ = {isa = PBXFileReference; lastKnownFileType = text.plist.strings; name = en; path = en.lproj/InfoPlist.strings; sourceTree = "<group>"; };
		2AAB36DD1922105800C762A7 /* LiveStreamerTests.m */ = {isa = PBXFileReference; lastKnownFileType = sourcecode.c.objc; path = LiveStreamerTests.m; sourceTree = "<group>"; };
		2AAB36E7192210BC00C762A7 /* libiconv.dylib */ = {isa = PBXFileReference; lastKnownFileType = "compiled.mach-o.dylib"; name = libiconv.dylib; path = usr/lib/libiconv.dylib; sourceTree = SDKROOT; };
		2AAB36E91922117D00C762A7 /* EaglUIView.h */ = {isa = PBXFileReference; fileEncoding = 4; lastKnownFileType = sourcecode.c.h; name = EaglUIView.h; path = "../../../Downloads/gstreamer_ios_tutorial-master/deinonychus/EaglUIView.h"; sourceTree = "<group>"; };
		2AAB36EA1922117D00C762A7 /* EaglUIView.m */ = {isa = PBXFileReference; fileEncoding = 4; lastKnownFileType = sourcecode.c.objc; name = EaglUIView.m; path = "../../../Downloads/gstreamer_ios_tutorial-master/deinonychus/EaglUIView.m"; sourceTree = "<group>"; };
		2AAB36EF192211EA00C762A7 /* ELEditViewController.h */ = {isa = PBXFileReference; fileEncoding = 4; lastKnownFileType = sourcecode.c.h; name = ELEditViewController.h; path = "../../Streamer/Tutorial 5/ELEditViewController.h"; sourceTree = "<group>"; };
		2AAB36F0192211EA00C762A7 /* ELEditViewController.m */ = {isa = PBXFileReference; fileEncoding = 4; lastKnownFileType = sourcecode.c.objc; name = ELEditViewController.m; path = "../../Streamer/Tutorial 5/ELEditViewController.m"; sourceTree = "<group>"; };
/* End PBXFileReference section */

/* Begin PBXFrameworksBuildPhase section */
		2AAB369A1922105800C762A7 /* Frameworks */ = {
			isa = PBXFrameworksBuildPhase;
			buildActionMask = 2147483647;
			files = (
				2AAB36E8192210BC00C762A7 /* libiconv.dylib in Frameworks */,
				2A8502F8192267A400D2A4E4 /* GLKit.framework in Frameworks */,
				2AAB36A31922105800C762A7 /* CoreGraphics.framework in Frameworks */,
				2AAB36A71922105800C762A7 /* CoreData.framework in Frameworks */,
				2AAB36A91922105800C762A7 /* GStreamer.framework in Frameworks */,
				2AAB36A51922105800C762A7 /* UIKit.framework in Frameworks */,
				2AAB36A11922105800C762A7 /* Foundation.framework in Frameworks */,
			);
			runOnlyForDeploymentPostprocessing = 0;
		};
		2AAB36CC1922105800C762A7 /* Frameworks */ = {
			isa = PBXFrameworksBuildPhase;
			buildActionMask = 2147483647;
			files = (
				2AAB36D11922105800C762A7 /* XCTest.framework in Frameworks */,
				2AAB36D41922105800C762A7 /* CoreData.framework in Frameworks */,
				2AAB36D31922105800C762A7 /* UIKit.framework in Frameworks */,
				2AAB36D21922105800C762A7 /* Foundation.framework in Frameworks */,
			);
			runOnlyForDeploymentPostprocessing = 0;
		};
/* End PBXFrameworksBuildPhase section */

/* Begin PBXGroup section */
		2AAB36941922105800C762A7 = {
			isa = PBXGroup;
			children = (
				2A8503021922790D00D2A4E4 /* GStreamerBackend.h */,
				2A8503031922790D00D2A4E4 /* GStreamerBackend.m */,
				2AAB36AA1922105800C762A7 /* LiveStreamer */,
				2AAB36D71922105800C762A7 /* LiveStreamerTests */,
				2AAB369F1922105800C762A7 /* Frameworks */,
				2AAB369E1922105800C762A7 /* Products */,
			);
			sourceTree = "<group>";
		};
		2AAB369E1922105800C762A7 /* Products */ = {
			isa = PBXGroup;
			children = (
				2AAB369D1922105800C762A7 /* LiveStreamer.app */,
				2AAB36CF1922105800C762A7 /* LiveStreamerTests.xctest */,
			);
			name = Products;
			sourceTree = "<group>";
		};
		2AAB369F1922105800C762A7 /* Frameworks */ = {
			isa = PBXGroup;
			children = (
				2A8502F7192267A400D2A4E4 /* GLKit.framework */,
				2AAB36E7192210BC00C762A7 /* libiconv.dylib */,
				2AAB36A01922105800C762A7 /* Foundation.framework */,
				2AAB36A21922105800C762A7 /* CoreGraphics.framework */,
				2AAB36A41922105800C762A7 /* UIKit.framework */,
				2AAB36A61922105800C762A7 /* CoreData.framework */,
				2AAB36A81922105800C762A7 /* GStreamer.framework */,
				2AAB36D01922105800C762A7 /* XCTest.framework */,
			);
			name = Frameworks;
			sourceTree = "<group>";
		};
		2AAB36AA1922105800C762A7 /* LiveStreamer */ = {
			isa = PBXGroup;
			children = (
				2AAB36B31922105800C762A7 /* AppDelegate.h */,
				2AAB36B41922105800C762A7 /* AppDelegate.m */,
				2AAB36B61922105800C762A7 /* Main.storyboard */,
				2AAB36BC1922105800C762A7 /* MasterViewController.h */,
				2AAB36BD1922105800C762A7 /* MasterViewController.m */,
				2AAB36EF192211EA00C762A7 /* ELEditViewController.h */,
				2AAB36F0192211EA00C762A7 /* ELEditViewController.m */,
				2AAB36BF1922105800C762A7 /* DetailViewController.h */,
				2AAB36C01922105800C762A7 /* DetailViewController.m */,
				2AAB36C91922105800C762A7 /* Images.xcassets */,
				2AAB36B91922105800C762A7 /* LiveStreamer.xcdatamodeld */,
				2AAB36E91922117D00C762A7 /* EaglUIView.h */,
				2AAB36EA1922117D00C762A7 /* EaglUIView.m */,
				2AAB36AB1922105800C762A7 /* Supporting Files */,
			);
			path = LiveStreamer;
			sourceTree = "<group>";
		};
		2AAB36AB1922105800C762A7 /* Supporting Files */ = {
			isa = PBXGroup;
			children = (
				2AAB36AC1922105800C762A7 /* LiveStreamer-Info.plist */,
				2AAB36AD1922105800C762A7 /* InfoPlist.strings */,
				2AAB36B01922105800C762A7 /* main.m */,
				2AAB36B21922105800C762A7 /* LiveStreamer-Prefix.pch */,
				2AAB36C21922105800C762A7 /* fonts.conf */,
				2AAB36C41922105800C762A7 /* Ubuntu-R.ttf */,
				2AAB36C61922105800C762A7 /* gst_ios_init.m */,
				2AAB36C81922105800C762A7 /* gst_ios_init.h */,
			);
			name = "Supporting Files";
			sourceTree = "<group>";
		};
		2AAB36D71922105800C762A7 /* LiveStreamerTests */ = {
			isa = PBXGroup;
			children = (
				2AAB36DD1922105800C762A7 /* LiveStreamerTests.m */,
				2AAB36D81922105800C762A7 /* Supporting Files */,
			);
			path = LiveStreamerTests;
			sourceTree = "<group>";
		};
		2AAB36D81922105800C762A7 /* Supporting Files */ = {
			isa = PBXGroup;
			children = (
				2AAB36D91922105800C762A7 /* LiveStreamerTests-Info.plist */,
				2AAB36DA1922105800C762A7 /* InfoPlist.strings */,
			);
			name = "Supporting Files";
			sourceTree = "<group>";
		};
/* End PBXGroup section */

/* Begin PBXNativeTarget section */
		2AAB369C1922105800C762A7 /* LiveStreamer */ = {
			isa = PBXNativeTarget;
			buildConfigurationList = 2AAB36E11922105800C762A7 /* Build configuration list for PBXNativeTarget "LiveStreamer" */;
			buildPhases = (
				2AAB36991922105800C762A7 /* Sources */,
				2AAB369A1922105800C762A7 /* Frameworks */,
				2AAB369B1922105800C762A7 /* Resources */,
			);
			buildRules = (
			);
			dependencies = (
			);
			name = LiveStreamer;
			productName = LiveStreamer;
			productReference = 2AAB369D1922105800C762A7 /* LiveStreamer.app */;
			productType = "com.apple.product-type.application";
		};
		2AAB36CE1922105800C762A7 /* LiveStreamerTests */ = {
			isa = PBXNativeTarget;
			buildConfigurationList = 2AAB36E41922105800C762A7 /* Build configuration list for PBXNativeTarget "LiveStreamerTests" */;
			buildPhases = (
				2AAB36CB1922105800C762A7 /* Sources */,
				2AAB36CC1922105800C762A7 /* Frameworks */,
				2AAB36CD1922105800C762A7 /* Resources */,
			);
			buildRules = (
			);
			dependencies = (
				2AAB36D61922105800C762A7 /* PBXTargetDependency */,
			);
			name = LiveStreamerTests;
			productName = LiveStreamerTests;
			productReference = 2AAB36CF1922105800C762A7 /* LiveStreamerTests.xctest */;
			productType = "com.apple.product-type.bundle.unit-test";
		};
/* End PBXNativeTarget section */

/* Begin PBXProject section */
		2AAB36951922105800C762A7 /* Project object */ = {
			isa = PBXProject;
			attributes = {
				LastUpgradeCheck = 0510;
				ORGANIZATIONNAME = "Kai Waelti";
				TargetAttributes = {
					2AAB369C1922105800C762A7 = {
						DevelopmentTeam = 3BEQJR6GA5;
					};
					2AAB36CE1922105800C762A7 = {
						TestTargetID = 2AAB369C1922105800C762A7;
					};
				};
			};
			buildConfigurationList = 2AAB36981922105800C762A7 /* Build configuration list for PBXProject "LiveStreamer" */;
			compatibilityVersion = "Xcode 3.2";
			developmentRegion = English;
			hasScannedForEncodings = 0;
			knownRegions = (
				en,
				Base,
			);
			mainGroup = 2AAB36941922105800C762A7;
			productRefGroup = 2AAB369E1922105800C762A7 /* Products */;
			projectDirPath = "";
			projectRoot = "";
			targets = (
				2AAB369C1922105800C762A7 /* LiveStreamer */,
				2AAB36CE1922105800C762A7 /* LiveStreamerTests */,
			);
		};
/* End PBXProject section */

/* Begin PBXResourcesBuildPhase section */
		2AAB369B1922105800C762A7 /* Resources */ = {
			isa = PBXResourcesBuildPhase;
			buildActionMask = 2147483647;
			files = (
				2AAB36AF1922105800C762A7 /* InfoPlist.strings in Resources */,
				2AAB36CA1922105800C762A7 /* Images.xcassets in Resources */,
				2AAB36C31922105800C762A7 /* fonts.conf in Resources */,
				2AAB36C51922105800C762A7 /* Ubuntu-R.ttf in Resources */,
				2AAB36B81922105800C762A7 /* Main.storyboard in Resources */,
			);
			runOnlyForDeploymentPostprocessing = 0;
		};
		2AAB36CD1922105800C762A7 /* Resources */ = {
			isa = PBXResourcesBuildPhase;
			buildActionMask = 2147483647;
			files = (
				2AAB36DC1922105800C762A7 /* InfoPlist.strings in Resources */,
			);
			runOnlyForDeploymentPostprocessing = 0;
		};
/* End PBXResourcesBuildPhase section */

/* Begin PBXSourcesBuildPhase section */
		2AAB36991922105800C762A7 /* Sources */ = {
			isa = PBXSourcesBuildPhase;
			buildActionMask = 2147483647;
			files = (
				2AAB36C11922105800C762A7 /* DetailViewController.m in Sources */,
				2AAB36BE1922105800C762A7 /* MasterViewController.m in Sources */,
				2AAB36ED1922117D00C762A7 /* EaglUIView.m in Sources */,
				2AAB36C71922105800C762A7 /* gst_ios_init.m in Sources */,
				2AAB36B51922105800C762A7 /* AppDelegate.m in Sources */,
				2AAB36BB1922105800C762A7 /* LiveStreamer.xcdatamodeld in Sources */,
				2AAB36B11922105800C762A7 /* main.m in Sources */,
				2A8503041922790D00D2A4E4 /* GStreamerBackend.m in Sources */,
				2AAB36F1192211EA00C762A7 /* ELEditViewController.m in Sources */,
			);
			runOnlyForDeploymentPostprocessing = 0;
		};
		2AAB36CB1922105800C762A7 /* Sources */ = {
			isa = PBXSourcesBuildPhase;
			buildActionMask = 2147483647;
			files = (
				2AAB36DE1922105800C762A7 /* LiveStreamerTests.m in Sources */,
			);
			runOnlyForDeploymentPostprocessing = 0;
		};
/* End PBXSourcesBuildPhase section */

/* Begin PBXTargetDependency section */
		2AAB36D61922105800C762A7 /* PBXTargetDependency */ = {
			isa = PBXTargetDependency;
			target = 2AAB369C1922105800C762A7 /* LiveStreamer */;
			targetProxy = 2AAB36D51922105800C762A7 /* PBXContainerItemProxy */;
		};
/* End PBXTargetDependency section */

/* Begin PBXVariantGroup section */
		2AAB36AD1922105800C762A7 /* InfoPlist.strings */ = {
			isa = PBXVariantGroup;
			children = (
				2AAB36AE1922105800C762A7 /* en */,
			);
			name = InfoPlist.strings;
			sourceTree = "<group>";
		};
		2AAB36B61922105800C762A7 /* Main.storyboard */ = {
			isa = PBXVariantGroup;
			children = (
				2AAB36B71922105800C762A7 /* Base */,
			);
			name = Main.storyboard;
			sourceTree = "<group>";
		};
		2AAB36DA1922105800C762A7 /* InfoPlist.strings */ = {
			isa = PBXVariantGroup;
			children = (
				2AAB36DB1922105800C762A7 /* en */,
			);
			name = InfoPlist.strings;
			sourceTree = "<group>";
		};
/* End PBXVariantGroup section */

/* Begin XCBuildConfiguration section */
		2AAB36DF1922105800C762A7 /* Debug */ = {
			isa = XCBuildConfiguration;
			buildSettings = {
				ALWAYS_SEARCH_USER_PATHS = NO;
				CLANG_CXX_LANGUAGE_STANDARD = "gnu++0x";
				CLANG_CXX_LIBRARY = "libc++";
				CLANG_ENABLE_MODULES = YES;
				CLANG_ENABLE_OBJC_ARC = YES;
				CLANG_WARN_BOOL_CONVERSION = YES;
				CLANG_WARN_CONSTANT_CONVERSION = YES;
				CLANG_WARN_DIRECT_OBJC_ISA_USAGE = YES_ERROR;
				CLANG_WARN_EMPTY_BODY = YES;
				CLANG_WARN_ENUM_CONVERSION = YES;
				CLANG_WARN_INT_CONVERSION = YES;
				CLANG_WARN_OBJC_ROOT_CLASS = YES_ERROR;
				CLANG_WARN__DUPLICATE_METHOD_MATCH = YES;
				"CODE_SIGN_IDENTITY[sdk=iphoneos*]" = "iPhone Developer";
				COPY_PHASE_STRIP = NO;
				GCC_C_LANGUAGE_STANDARD = gnu99;
				GCC_DYNAMIC_NO_PIC = NO;
				GCC_OPTIMIZATION_LEVEL = 0;
				GCC_PREPROCESSOR_DEFINITIONS = (
					"DEBUG=1",
					"$(inherited)",
				);
				GCC_SYMBOLS_PRIVATE_EXTERN = NO;
				GCC_WARN_64_TO_32_BIT_CONVERSION = YES;
				GCC_WARN_ABOUT_RETURN_TYPE = YES_ERROR;
				GCC_WARN_UNDECLARED_SELECTOR = YES;
				GCC_WARN_UNINITIALIZED_AUTOS = YES_AGGRESSIVE;
				GCC_WARN_UNUSED_FUNCTION = YES;
				GCC_WARN_UNUSED_VARIABLE = YES;
				IPHONEOS_DEPLOYMENT_TARGET = 7.1;
				ONLY_ACTIVE_ARCH = YES;
				SDKROOT = iphoneos;
			};
			name = Debug;
		};
		2AAB36E01922105800C762A7 /* Release */ = {
			isa = XCBuildConfiguration;
			buildSettings = {
				ALWAYS_SEARCH_USER_PATHS = NO;
				CLANG_CXX_LANGUAGE_STANDARD = "gnu++0x";
				CLANG_CXX_LIBRARY = "libc++";
				CLANG_ENABLE_MODULES = YES;
				CLANG_ENABLE_OBJC_ARC = YES;
				CLANG_WARN_BOOL_CONVERSION = YES;
				CLANG_WARN_CONSTANT_CONVERSION = YES;
				CLANG_WARN_DIRECT_OBJC_ISA_USAGE = YES_ERROR;
				CLANG_WARN_EMPTY_BODY = YES;
				CLANG_WARN_ENUM_CONVERSION = YES;
				CLANG_WARN_INT_CONVERSION = YES;
				CLANG_WARN_OBJC_ROOT_CLASS = YES_ERROR;
				CLANG_WARN__DUPLICATE_METHOD_MATCH = YES;
				"CODE_SIGN_IDENTITY[sdk=iphoneos*]" = "iPhone Developer";
				COPY_PHASE_STRIP = YES;
				ENABLE_NS_ASSERTIONS = NO;
				GCC_C_LANGUAGE_STANDARD = gnu99;
				GCC_WARN_64_TO_32_BIT_CONVERSION = YES;
				GCC_WARN_ABOUT_RETURN_TYPE = YES_ERROR;
				GCC_WARN_UNDECLARED_SELECTOR = YES;
				GCC_WARN_UNINITIALIZED_AUTOS = YES_AGGRESSIVE;
				GCC_WARN_UNUSED_FUNCTION = YES;
				GCC_WARN_UNUSED_VARIABLE = YES;
				IPHONEOS_DEPLOYMENT_TARGET = 7.1;
				SDKROOT = iphoneos;
				VALIDATE_PRODUCT = YES;
			};
			name = Release;
		};
		2AAB36E21922105800C762A7 /* Debug */ = {
			isa = XCBuildConfiguration;
			buildSettings = {
				ARCHS = armv7;
				ASSETCATALOG_COMPILER_APPICON_NAME = AppIcon;
				ASSETCATALOG_COMPILER_LAUNCHIMAGE_NAME = LaunchImage;
				CODE_SIGN_IDENTITY = "iPhone Developer";
				FRAMEWORK_SEARCH_PATHS = (
					"~/Library/Developer/GStreamer/iPhone.sdk",
					"$(DEVELOPER_FRAMEWORKS_DIR)",
				);
				GCC_PRECOMPILE_PREFIX_HEADER = YES;
				GCC_PREFIX_HEADER = "LiveStreamer/LiveStreamer-Prefix.pch";
				HEADER_SEARCH_PATHS = "\"~/Library/Developer/GStreamer/iPhone.sdk/GStreamer.framework/Headers\"";
				INFOPLIST_FILE = "LiveStreamer/LiveStreamer-Info.plist";
				OTHER_LDFLAGS = (
					"-lresolv",
					"-lstdc++",
					"-framework",
					CoreFoundation,
					"-framework",
					Foundation,
					"-framework",
					AVFoundation,
					"-framework",
					CoreMedia,
					"-framework",
					CoreVideo,
					"-framework",
					CoreAudio,
					"-framework",
					AudioToolbox,
					"-framework",
					OpenGLES,
					"-framework",
					AssetsLibrary,
					"-framework",
					QuartzCore,
					"-framework",
					AssetsLibrary,
				);
				PRODUCT_NAME = "$(TARGET_NAME)";
				WRAPPER_EXTENSION = app;
			};
			name = Debug;
		};
		2AAB36E31922105800C762A7 /* Release */ = {
			isa = XCBuildConfiguration;
			buildSettings = {
				ARCHS = armv7;
				ASSETCATALOG_COMPILER_APPICON_NAME = AppIcon;
				ASSETCATALOG_COMPILER_LAUNCHIMAGE_NAME = LaunchImage;
				CODE_SIGN_IDENTITY = "iPhone Developer";
				FRAMEWORK_SEARCH_PATHS = (
					"~/Library/Developer/GStreamer/iPhone.sdk",
					"$(DEVELOPER_FRAMEWORKS_DIR)",
				);
				GCC_PRECOMPILE_PREFIX_HEADER = YES;
				GCC_PREFIX_HEADER = "LiveStreamer/LiveStreamer-Prefix.pch";
				HEADER_SEARCH_PATHS = "\"~/Library/Developer/GStreamer/iPhone.sdk/GStreamer.framework/Headers\"";
				INFOPLIST_FILE = "LiveStreamer/LiveStreamer-Info.plist";
				OTHER_LDFLAGS = (
					"-lresolv",
					"-lstdc++",
					"-framework",
					CoreFoundation,
					"-framework",
					Foundation,
					"-framework",
					AVFoundation,
					"-framework",
					CoreMedia,
					"-framework",
					CoreVideo,
					"-framework",
					CoreAudio,
					"-framework",
					AudioToolbox,
					"-framework",
					OpenGLES,
					"-framework",
					AssetsLibrary,
					"-framework",
					QuartzCore,
					"-framework",
					AssetsLibrary,
				);
				PRODUCT_NAME = "$(TARGET_NAME)";
				WRAPPER_EXTENSION = app;
			};
			name = Release;
		};
		2AAB36E51922105800C762A7 /* Debug */ = {
			isa = XCBuildConfiguration;
			buildSettings = {
				BUNDLE_LOADER = "$(BUILT_PRODUCTS_DIR)/LiveStreamer.app/LiveStreamer";
				FRAMEWORK_SEARCH_PATHS = (
					"$(SDKROOT)/Developer/Library/Frameworks",
					"$(inherited)",
					"$(DEVELOPER_FRAMEWORKS_DIR)",
				);
				GCC_PRECOMPILE_PREFIX_HEADER = YES;
				GCC_PREFIX_HEADER = "LiveStreamer/LiveStreamer-Prefix.pch";
				GCC_PREPROCESSOR_DEFINITIONS = (
					"DEBUG=1",
					"$(inherited)",
				);
				INFOPLIST_FILE = "LiveStreamerTests/LiveStreamerTests-Info.plist";
				PRODUCT_NAME = "$(TARGET_NAME)";
				TEST_HOST = "$(BUNDLE_LOADER)";
				WRAPPER_EXTENSION = xctest;
			};
			name = Debug;
		};
		2AAB36E61922105800C762A7 /* Release */ = {
			isa = XCBuildConfiguration;
			buildSettings = {
				BUNDLE_LOADER = "$(BUILT_PRODUCTS_DIR)/LiveStreamer.app/LiveStreamer";
				FRAMEWORK_SEARCH_PATHS = (
					"$(SDKROOT)/Developer/Library/Frameworks",
					"$(inherited)",
					"$(DEVELOPER_FRAMEWORKS_DIR)",
				);
				GCC_PRECOMPILE_PREFIX_HEADER = YES;
				GCC_PREFIX_HEADER = "LiveStreamer/LiveStreamer-Prefix.pch";
				INFOPLIST_FILE = "LiveStreamerTests/LiveStreamerTests-Info.plist";
				PRODUCT_NAME = "$(TARGET_NAME)";
				TEST_HOST = "$(BUNDLE_LOADER)";
				WRAPPER_EXTENSION = xctest;
			};
			name = Release;
		};
/* End XCBuildConfiguration section */

/* Begin XCConfigurationList section */
		2AAB36981922105800C762A7 /* Build configuration list for PBXProject "LiveStreamer" */ = {
			isa = XCConfigurationList;
			buildConfigurations = (
				2AAB36DF1922105800C762A7 /* Debug */,
				2AAB36E01922105800C762A7 /* Release */,
			);
			defaultConfigurationIsVisible = 0;
			defaultConfigurationName = Release;
		};
		2AAB36E11922105800C762A7 /* Build configuration list for PBXNativeTarget "LiveStreamer" */ = {
			isa = XCConfigurationList;
			buildConfigurations = (
				2AAB36E21922105800C762A7 /* Debug */,
				2AAB36E31922105800C762A7 /* Release */,
			);
			defaultConfigurationIsVisible = 0;
			defaultConfigurationName = Release;
		};
		2AAB36E41922105800C762A7 /* Build configuration list for PBXNativeTarget "LiveStreamerTests" */ = {
			isa = XCConfigurationList;
			buildConfigurations = (
				2AAB36E51922105800C762A7 /* Debug */,
				2AAB36E61922105800C762A7 /* Release */,
			);
			defaultConfigurationIsVisible = 0;
			defaultConfigurationName = Release;
		};
/* End XCConfigurationList section */

/* Begin XCVersionGroup section */
		2AAB36B91922105800C762A7 /* LiveStreamer.xcdatamodeld */ = {
			isa = XCVersionGroup;
			children = (
				2AAB36BA1922105800C762A7 /* LiveStreamer.xcdatamodel */,
			);
			currentVersion = 2AAB36BA1922105800C762A7 /* LiveStreamer.xcdatamodel */;
			path = LiveStreamer.xcdatamodeld;
			sourceTree = "<group>";
			versionGroupType = wrapper.xcdatamodel;
		};
/* End XCVersionGroup section */
	};
	rootObject = 2AAB36951922105800C762A7 /* Project object */;
}
